
Microsoft Visual Studio Solution File, Format Version 12.00
# Visual Studio Version 16
VisualStudioVersion = 16.0.30011.22
MinimumVisualStudioVersion = 10.0.40219.1
Project("{9A19103F-16F7-4668-BE54-9A1E7A4F7556}") = "daemonapp", "daemonapp.csproj", "{5878BE3C-B749-46FF-8410-0BA675F1AA5D}"
EndProject
Global
	GlobalSection(SolutionConfigurationPlatforms) = preSolution
		Debug|Any CPU = Debug|Any CPU
		Release|Any CPU = Release|Any CPU
	EndGlobalSection
	GlobalSection(ProjectConfigurationPlatforms) = postSolution
		{5878BE3C-B749-46FF-8410-0BA675F1AA5D}.Debug|Any CPU.ActiveCfg = Debug|Any CPU
		{5878BE3C-B749-46FF-8410-0BA675F1AA5D}.Debug|Any CPU.Build.0 = Debug|Any CPU
		{5878BE3C-B749-46FF-8410-0BA675F1AA5D}.Release|Any CPU.ActiveCfg = Release|Any CPU
		{5878BE3C-B749-46FF-8410-0BA675F1AA5D}.Release|Any CPU.Build.0 = Release|Any CPU
	EndGlobalSection
	GlobalSection(SolutionProperties) = preSolution
		HideSolutionNode = FALSE
	EndGlobalSection
	GlobalSection(ExtensibilityGlobals) = postSolution
		SolutionGuid = {EE8C9EB8-A62E-4D03-8BBB-BB2C3C2079E5}
	EndGlobalSection
EndGlobal
